// !$*UTF8*$!
{
	archiveVersion = 1;
	classes = {
	};
	objectVersion = 55;
	objects = {

/* Begin PBXBuildFile section */
		8C27ADCB28FE8E0300922ECA /* AppDelegate.swift in Sources */ = {isa = PBXBuildFile; fileRef = 8C27ADCA28FE8E0300922ECA /* AppDelegate.swift */; };
		8C27ADD428FE8E0600922ECA /* Assets.xcassets in Resources */ = {isa = PBXBuildFile; fileRef = 8C27ADD328FE8E0600922ECA /* Assets.xcassets */; };
		8C27ADD728FE8E0600922ECA /* LaunchScreen.storyboard in Resources */ = {isa = PBXBuildFile; fileRef = 8C27ADD528FE8E0600922ECA /* LaunchScreen.storyboard */; };
		8C27ADE128FE8EDB00922ECA /* MainViewController.swift in Sources */ = {isa = PBXBuildFile; fileRef = 8C27ADDF28FE8EDB00922ECA /* MainViewController.swift */; };
		8C27ADE228FE8EDB00922ECA /* MainViewController.xib in Resources */ = {isa = PBXBuildFile; fileRef = 8C27ADE028FE8EDB00922ECA /* MainViewController.xib */; };
		8C27ADE428FE96C100922ECA /* TabBarController.swift in Sources */ = {isa = PBXBuildFile; fileRef = 8C27ADE328FE96C100922ECA /* TabBarController.swift */; };
		8C27ADE828FE995200922ECA /* LoginViewController.swift in Sources */ = {isa = PBXBuildFile; fileRef = 8C27ADE628FE995200922ECA /* LoginViewController.swift */; };
		8C27ADE928FE995200922ECA /* LoginViewController.xib in Resources */ = {isa = PBXBuildFile; fileRef = 8C27ADE728FE995200922ECA /* LoginViewController.xib */; };
		8C29299B29011D5900CAE99D /* AddViewController.swift in Sources */ = {isa = PBXBuildFile; fileRef = 8C29299929011D5800CAE99D /* AddViewController.swift */; };
		8C29299C29011D5900CAE99D /* AddViewController.xib in Resources */ = {isa = PBXBuildFile; fileRef = 8C29299A29011D5800CAE99D /* AddViewController.xib */; };
/* End PBXBuildFile section */

/* Begin PBXFileReference section */
		8C27ADC728FE8E0300922ECA /* BlueProject.app */ = {isa = PBXFileReference; explicitFileType = wrapper.application; includeInIndex = 0; path = BlueProject.app; sourceTree = BUILT_PRODUCTS_DIR; };
		8C27ADCA28FE8E0300922ECA /* AppDelegate.swift */ = {isa = PBXFileReference; lastKnownFileType = sourcecode.swift; path = AppDelegate.swift; sourceTree = "<group>"; };
		8C27ADD328FE8E0600922ECA /* Assets.xcassets */ = {isa = PBXFileReference; lastKnownFileType = folder.assetcatalog; path = Assets.xcassets; sourceTree = "<group>"; };
		8C27ADD628FE8E0600922ECA /* Base */ = {isa = PBXFileReference; lastKnownFileType = file.storyboard; name = Base; path = Base.lproj/LaunchScreen.storyboard; sourceTree = "<group>"; };
		8C27ADD828FE8E0600922ECA /* Info.plist */ = {isa = PBXFileReference; lastKnownFileType = text.plist.xml; path = Info.plist; sourceTree = "<group>"; };
		8C27ADDF28FE8EDB00922ECA /* MainViewController.swift */ = {isa = PBXFileReference; lastKnownFileType = sourcecode.swift; path = MainViewController.swift; sourceTree = "<group>"; };
		8C27ADE028FE8EDB00922ECA /* MainViewController.xib */ = {isa = PBXFileReference; lastKnownFileType = file.xib; path = MainViewController.xib; sourceTree = "<group>"; };
		8C27ADE328FE96C100922ECA /* TabBarController.swift */ = {isa = PBXFileReference; lastKnownFileType = sourcecode.swift; path = TabBarController.swift; sourceTree = "<group>"; };
		8C27ADE628FE995200922ECA /* LoginViewController.swift */ = {isa = PBXFileReference; lastKnownFileType = sourcecode.swift; path = LoginViewController.swift; sourceTree = "<group>"; };
		8C27ADE728FE995200922ECA /* LoginViewController.xib */ = {isa = PBXFileReference; lastKnownFileType = file.xib; path = LoginViewController.xib; sourceTree = "<group>"; };
		8C29299929011D5800CAE99D /* AddViewController.swift */ = {isa = PBXFileReference; lastKnownFileType = sourcecode.swift; path = AddViewController.swift; sourceTree = "<group>"; };
		8C29299A29011D5800CAE99D /* AddViewController.xib */ = {isa = PBXFileReference; lastKnownFileType = file.xib; path = AddViewController.xib; sourceTree = "<group>"; };
/* End PBXFileReference section */

/* Begin PBXFrameworksBuildPhase section */
		8C27ADC428FE8E0300922ECA /* Frameworks */ = {
			isa = PBXFrameworksBuildPhase;
			buildActionMask = 2147483647;
			files = (
			);
			runOnlyForDeploymentPostprocessing = 0;
		};
/* End PBXFrameworksBuildPhase section */

/* Begin PBXGroup section */
		8C27ADBE28FE8E0300922ECA = {
			isa = PBXGroup;
			children = (
				8C27ADC928FE8E0300922ECA /* BlueProject */,
				8C27ADC828FE8E0300922ECA /* Products */,
			);
			sourceTree = "<group>";
		};
		8C27ADC828FE8E0300922ECA /* Products */ = {
			isa = PBXGroup;
			children = (
				8C27ADC728FE8E0300922ECA /* BlueProject.app */,
			);
			name = Products;
			sourceTree = "<group>";
		};
		8C27ADC928FE8E0300922ECA /* BlueProject */ = {
			isa = PBXGroup;
			children = (
				8C27ADDE28FE8E9300922ECA /* ViewController */,
				8C27ADCA28FE8E0300922ECA /* AppDelegate.swift */,
				8C27ADD328FE8E0600922ECA /* Assets.xcassets */,
				8C27ADD528FE8E0600922ECA /* LaunchScreen.storyboard */,
				8C27ADD828FE8E0600922ECA /* Info.plist */,
				8C27ADE328FE96C100922ECA /* TabBarController.swift */,
			);
			path = BlueProject;
			sourceTree = "<group>";
		};
		8C27ADDE28FE8E9300922ECA /* ViewController */ = {
			isa = PBXGroup;
			children = (
				8C27ADE528FE992300922ECA /* Login */,
				8C27ADDF28FE8EDB00922ECA /* MainViewController.swift */,
				8C27ADE028FE8EDB00922ECA /* MainViewController.xib */,
				8C29299929011D5800CAE99D /* AddViewController.swift */,
				8C29299A29011D5800CAE99D /* AddViewController.xib */,
			);
			path = ViewController;
			sourceTree = "<group>";
		};
		8C27ADE528FE992300922ECA /* Login */ = {
			isa = PBXGroup;
			children = (
				8C27ADE628FE995200922ECA /* LoginViewController.swift */,
				8C27ADE728FE995200922ECA /* LoginViewController.xib */,
			);
			path = Login;
			sourceTree = "<group>";
		};
/* End PBXGroup section */

/* Begin PBXNativeTarget section */
		8C27ADC628FE8E0300922ECA /* BlueProject */ = {
			isa = PBXNativeTarget;
			buildConfigurationList = 8C27ADDB28FE8E0600922ECA /* Build configuration list for PBXNativeTarget "BlueProject" */;
			buildPhases = (
				8C27ADC328FE8E0300922ECA /* Sources */,
				8C27ADC428FE8E0300922ECA /* Frameworks */,
				8C27ADC528FE8E0300922ECA /* Resources */,
			);
			buildRules = (
			);
			dependencies = (
			);
			name = BlueProject;
			productName = BlueProject;
			productReference = 8C27ADC728FE8E0300922ECA /* BlueProject.app */;
			productType = "com.apple.product-type.application";
		};
/* End PBXNativeTarget section */

/* Begin PBXProject section */
		8C27ADBF28FE8E0300922ECA /* Project object */ = {
			isa = PBXProject;
			attributes = {
				BuildIndependentTargetsInParallel = 1;
				LastSwiftUpdateCheck = 1340;
				LastUpgradeCheck = 1340;
				TargetAttributes = {
					8C27ADC628FE8E0300922ECA = {
						CreatedOnToolsVersion = 13.4.1;
					};
				};
			};
			buildConfigurationList = 8C27ADC228FE8E0300922ECA /* Build configuration list for PBXProject "BlueProject" */;
			compatibilityVersion = "Xcode 13.0";
			developmentRegion = en;
			hasScannedForEncodings = 0;
			knownRegions = (
				en,
				Base,
			);
			mainGroup = 8C27ADBE28FE8E0300922ECA;
			productRefGroup = 8C27ADC828FE8E0300922ECA /* Products */;
			projectDirPath = "";
			projectRoot = "";
			targets = (
				8C27ADC628FE8E0300922ECA /* BlueProject */,
			);
		};
/* End PBXProject section */

/* Begin PBXResourcesBuildPhase section */
		8C27ADC528FE8E0300922ECA /* Resources */ = {
			isa = PBXResourcesBuildPhase;
			buildActionMask = 2147483647;
			files = (
				8C27ADE928FE995200922ECA /* LoginViewController.xib in Resources */,
				8C27ADD728FE8E0600922ECA /* LaunchScreen.storyboard in Resources */,
				8C29299C29011D5900CAE99D /* AddViewController.xib in Resources */,
				8C27ADE228FE8EDB00922ECA /* MainViewController.xib in Resources */,
				8C27ADD428FE8E0600922ECA /* Assets.xcassets in Resources */,
			);
			runOnlyForDeploymentPostprocessing = 0;
		};
/* End PBXResourcesBuildPhase section */

/* Begin PBXSourcesBuildPhase section */
		8C27ADC328FE8E0300922ECA /* Sources */ = {
			isa = PBXSourcesBuildPhase;
			buildActionMask = 2147483647;
			files = (
				8C29299B29011D5900CAE99D /* AddViewController.swift in Sources */,
				8C27ADE828FE995200922ECA /* LoginViewController.swift in Sources */,
				8C27ADE428FE96C100922ECA /* TabBarController.swift in Sources */,
				8C27ADE128FE8EDB00922ECA /* MainViewController.swift in Sources */,
				8C27ADCB28FE8E0300922ECA /* AppDelegate.swift in Sources */,
			);
			runOnlyForDeploymentPostprocessing = 0;
		};
/* End PBXSourcesBuildPhase section */

/* Begin PBXVariantGroup section */
		8C27ADD528FE8E0600922ECA /* LaunchScreen.storyboard */ = {
			isa = PBXVariantGroup;
			children = (
				8C27ADD628FE8E0600922ECA /* Base */,
			);
			name = LaunchScreen.storyboard;
			sourceTree = "<group>";
		};
/* End PBXVariantGroup section */

/* Begin XCBuildConfiguration section */
		8C27ADD928FE8E0600922ECA /* Debug */ = {
			isa = XCBuildConfiguration;
			buildSettings = {
				ALWAYS_SEARCH_USER_PATHS = NO;
				CLANG_ANALYZER_NONNULL = YES;
				CLANG_ANALYZER_NUMBER_OBJECT_CONVERSION = YES_AGGRESSIVE;
				CLANG_CXX_LANGUAGE_STANDARD = "gnu++17";
				CLANG_ENABLE_MODULES = YES;
				CLANG_ENABLE_OBJC_ARC = YES;
				CLANG_ENABLE_OBJC_WEAK = YES;
				CLANG_WARN_BLOCK_CAPTURE_AUTORELEASING = YES;
				CLANG_WARN_BOOL_CONVERSION = YES;
				CLANG_WARN_COMMA = YES;
				CLANG_WARN_CONSTANT_CONVERSION = YES;
				CLANG_WARN_DEPRECATED_OBJC_IMPLEMENTATIONS = YES;
				CLANG_WARN_DIRECT_OBJC_ISA_USAGE = YES_ERROR;
				CLANG_WARN_DOCUMENTATION_COMMENTS = YES;
				CLANG_WARN_EMPTY_BODY = YES;
				CLANG_WARN_ENUM_CONVERSION = YES;
				CLANG_WARN_INFINITE_RECURSION = YES;
				CLANG_WARN_INT_CONVERSION = YES;
				CLANG_WARN_NON_LITERAL_NULL_CONVERSION = YES;
				CLANG_WARN_OBJC_IMPLICIT_RETAIN_SELF = YES;
				CLANG_WARN_OBJC_LITERAL_CONVERSION = YES;
				CLANG_WARN_OBJC_ROOT_CLASS = YES_ERROR;
				CLANG_WARN_QUOTED_INCLUDE_IN_FRAMEWORK_HEADER = YES;
				CLANG_WARN_RANGE_LOOP_ANALYSIS = YES;
				CLANG_WARN_STRICT_PROTOTYPES = YES;
				CLANG_WARN_SUSPICIOUS_MOVE = YES;
				CLANG_WARN_UNGUARDED_AVAILABILITY = YES_AGGRESSIVE;
				CLANG_WARN_UNREACHABLE_CODE = YES;
				CLANG_WARN__DUPLICATE_METHOD_MATCH = YES;
				COPY_PHASE_STRIP = NO;
				DEBUG_INFORMATION_FORMAT = dwarf;
				ENABLE_STRICT_OBJC_MSGSEND = YES;
				ENABLE_TESTABILITY = YES;
				GCC_C_LANGUAGE_STANDARD = gnu11;
				GCC_DYNAMIC_NO_PIC = NO;
				GCC_NO_COMMON_BLOCKS = YES;
				GCC_OPTIMIZATION_LEVEL = 0;
				GCC_PREPROCESSOR_DEFINITIONS = (
					"DEBUG=1",
					"$(inherited)",
				);
				GCC_WARN_64_TO_32_BIT_CONVERSION = YES;
				GCC_WARN_ABOUT_RETURN_TYPE = YES_ERROR;
				GCC_WARN_UNDECLARED_SELECTOR = YES;
				GCC_WARN_UNINITIALIZED_AUTOS = YES_AGGRESSIVE;
				GCC_WARN_UNUSED_FUNCTION = YES;
				GCC_WARN_UNUSED_VARIABLE = YES;
				IPHONEOS_DEPLOYMENT_TARGET = 15.5;
				MTL_ENABLE_DEBUG_INFO = INCLUDE_SOURCE;
				MTL_FAST_MATH = YES;
				ONLY_ACTIVE_ARCH = YES;
				SDKROOT = iphoneos;
				SWIFT_ACTIVE_COMPILATION_CONDITIONS = DEBUG;
				SWIFT_OPTIMIZATION_LEVEL = "-Onone";
			};
			name = Debug;
		};
		8C27ADDA28FE8E0600922ECA /* Release */ = {
			isa = XCBuildConfiguration;
			buildSettings = {
				ALWAYS_SEARCH_USER_PATHS = NO;
				CLANG_ANALYZER_NONNULL = YES;
				CLANG_ANALYZER_NUMBER_OBJECT_CONVERSION = YES_AGGRESSIVE;
				CLANG_CXX_LANGUAGE_STANDARD = "gnu++17";
				CLANG_ENABLE_MODULES = YES;
				CLANG_ENABLE_OBJC_ARC = YES;
				CLANG_ENABLE_OBJC_WEAK = YES;
				CLANG_WARN_BLOCK_CAPTURE_AUTORELEASING = YES;
				CLANG_WARN_BOOL_CONVERSION = YES;
				CLANG_WARN_COMMA = YES;
				CLANG_WARN_CONSTANT_CONVERSION = YES;
				CLANG_WARN_DEPRECATED_OBJC_IMPLEMENTATIONS = YES;
				CLANG_WARN_DIRECT_OBJC_ISA_USAGE = YES_ERROR;
				CLANG_WARN_DOCUMENTATION_COMMENTS = YES;
				CLANG_WARN_EMPTY_BODY = YES;
				CLANG_WARN_ENUM_CONVERSION = YES;
				CLANG_WARN_INFINITE_RECURSION = YES;
				CLANG_WARN_INT_CONVERSION = YES;
				CLANG_WARN_NON_LITERAL_NULL_CONVERSION = YES;
				CLANG_WARN_OBJC_IMPLICIT_RETAIN_SELF = YES;
				CLANG_WARN_OBJC_LITERAL_CONVERSION = YES;
				CLANG_WARN_OBJC_ROOT_CLASS = YES_ERROR;
				CLANG_WARN_QUOTED_INCLUDE_IN_FRAMEWORK_HEADER = YES;
				CLANG_WARN_RANGE_LOOP_ANALYSIS = YES;
				CLANG_WARN_STRICT_PROTOTYPES = YES;
				CLANG_WARN_SUSPICIOUS_MOVE = YES;
				CLANG_WARN_UNGUARDED_AVAILABILITY = YES_AGGRESSIVE;
				CLANG_WARN_UNREACHABLE_CODE = YES;
				CLANG_WARN__DUPLICATE_METHOD_MATCH = YES;
				COPY_PHASE_STRIP = NO;
				DEBUG_INFORMATION_FORMAT = "dwarf-with-dsym";
				ENABLE_NS_ASSERTIONS = NO;
				ENABLE_STRICT_OBJC_MSGSEND = YES;
				GCC_C_LANGUAGE_STANDARD = gnu11;
				GCC_NO_COMMON_BLOCKS = YES;
				GCC_WARN_64_TO_32_BIT_CONVERSION = YES;
				GCC_WARN_ABOUT_RETURN_TYPE = YES_ERROR;
				GCC_WARN_UNDECLARED_SELECTOR = YES;
				GCC_WARN_UNINITIALIZED_AUTOS = YES_AGGRESSIVE;
				GCC_WARN_UNUSED_FUNCTION = YES;
				GCC_WARN_UNUSED_VARIABLE = YES;
				IPHONEOS_DEPLOYMENT_TARGET = 15.5;
				MTL_ENABLE_DEBUG_INFO = NO;
				MTL_FAST_MATH = YES;
				SDKROOT = iphoneos;
				SWIFT_COMPILATION_MODE = wholemodule;
				SWIFT_OPTIMIZATION_LEVEL = "-O";
				VALIDATE_PRODUCT = YES;
			};
			name = Release;
		};
		8C27ADDC28FE8E0600922ECA /* Debug */ = {
			isa = XCBuildConfiguration;
			buildSettings = {
				ASSETCATALOG_COMPILER_APPICON_NAME = AppIcon;
				ASSETCATALOG_COMPILER_GLOBAL_ACCENT_COLOR_NAME = AccentColor;
				CODE_SIGN_STYLE = Automatic;
				CURRENT_PROJECT_VERSION = 1;
				DEVELOPMENT_TEAM = L7LS4A268C;
				GENERATE_INFOPLIST_FILE = YES;
				INFOPLIST_FILE = BlueProject/Info.plist;
				INFOPLIST_KEY_UIApplicationSupportsIndirectInputEvents = YES;
				INFOPLIST_KEY_UILaunchStoryboardName = LaunchScreen;
				INFOPLIST_KEY_UISupportedInterfaceOrientations_iPad = "UIInterfaceOrientationPortrait UIInterfaceOrientationPortraitUpsideDown UIInterfaceOrientationLandscapeLeft UIInterfaceOrientationLandscapeRight";
				INFOPLIST_KEY_UISupportedInterfaceOrientations_iPhone = "UIInterfaceOrientationPortrait UIInterfaceOrientationLandscapeLeft UIInterfaceOrientationLandscapeRight";
				LD_RUNPATH_SEARCH_PATHS = (
					"$(inherited)",
					"@executable_path/Frameworks",
				);
				MARKETING_VERSION = 1.0;
				PRODUCT_BUNDLE_IDENTIFIER = joon.BlueProject;
				PRODUCT_NAME = "$(TARGET_NAME)";
				SWIFT_EMIT_LOC_STRINGS = YES;
				SWIFT_VERSION = 5.0;
				TARGETED_DEVICE_FAMILY = "1,2";
			};
			name = Debug;
		};
		8C27ADDD28FE8E0600922ECA /* Release */ = {
			isa = XCBuildConfiguration;
			buildSettings = {
				ASSETCATALOG_COMPILER_APPICON_NAME = AppIcon;
				ASSETCATALOG_COMPILER_GLOBAL_ACCENT_COLOR_NAME = AccentColor;
				CODE_SIGN_STYLE = Automatic;
				CURRENT_PROJECT_VERSION = 1;
				DEVELOPMENT_TEAM = L7LS4A268C;
				GENERATE_INFOPLIST_FILE = YES;
				INFOPLIST_FILE = BlueProject/Info.plist;
				INFOPLIST_KEY_UIApplicationSupportsIndirectInputEvents = YES;
				INFOPLIST_KEY_UILaunchStoryboardName = LaunchScreen;
				INFOPLIST_KEY_UISupportedInterfaceOrientations_iPad = "UIInterfaceOrientationPortrait UIInterfaceOrientationPortraitUpsideDown UIInterfaceOrientationLandscapeLeft UIInterfaceOrientationLandscapeRight";
				INFOPLIST_KEY_UISupportedInterfaceOrientations_iPhone = "UIInterfaceOrientationPortrait UIInterfaceOrientationLandscapeLeft UIInterfaceOrientationLandscapeRight";
				LD_RUNPATH_SEARCH_PATHS = (
					"$(inherited)",
					"@executable_path/Frameworks",
				);
				MARKETING_VERSION = 1.0;
				PRODUCT_BUNDLE_IDENTIFIER = joon.BlueProject;
				PRODUCT_NAME = "$(TARGET_NAME)";
				SWIFT_EMIT_LOC_STRINGS = YES;
				SWIFT_VERSION = 5.0;
				TARGETED_DEVICE_FAMILY = "1,2";
			};
			name = Release;
		};
/* End XCBuildConfiguration section */

/* Begin XCConfigurationList section */
		8C27ADC228FE8E0300922ECA /* Build configuration list for PBXProject "BlueProject" */ = {
			isa = XCConfigurationList;
			buildConfigurations = (
				8C27ADD928FE8E0600922ECA /* Debug */,
				8C27ADDA28FE8E0600922ECA /* Release */,
			);
			defaultConfigurationIsVisible = 0;
			defaultConfigurationName = Release;
		};
		8C27ADDB28FE8E0600922ECA /* Build configuration list for PBXNativeTarget "BlueProject" */ = {
			isa = XCConfigurationList;
			buildConfigurations = (
				8C27ADDC28FE8E0600922ECA /* Debug */,
				8C27ADDD28FE8E0600922ECA /* Release */,
			);
			defaultConfigurationIsVisible = 0;
			defaultConfigurationName = Release;
		};
/* End XCConfigurationList section */
	};
	rootObject = 8C27ADBF28FE8E0300922ECA /* Project object */;
}
